# THIS IS AN AUTOGENERATED FILE. DO NOT EDIT THIS FILE DIRECTLY.
# yarn lockfile v1


ios-deploy@1.11.4:
  version "1.11.4"
  resolved "https://registry.yarnpkg.com/ios-deploy/-/ios-deploy-1.11.4.tgz#d1813b11c9f292d757be33fa63399b510a64980a"
  integrity sha512-NZ96/s7klyWySKTI8rTU+vXEIxIMrv6K+7j5VMcqUVShaAUdDX+Ov4nVdSStYOAGFVpl8q56SpAwjEDIvBrswQ==

renative-template-hello-world@0.35.4:
  version "0.35.4"
  resolved "https://registry.yarnpkg.com/renative-template-hello-world/-/renative-template-hello-world-0.35.4.tgz#09bf20444fc7a3cfd900228215f210d6f14af915"
  integrity sha512-WkwUkaAjqB/YFAdX+ScJCh3Hy/ciCYmBoO5m899VjzvUIiEr9t07yxfVjTKO15zzRBTXcs1TIDJ2+YbPJa4o0Q==
  optionalDependencies:
    ios-deploy "1.11.4"
